
Microsoft Visual Studio Solution File, Format Version 12.00
# Visual Studio Version 16
VisualStudioVersion = 16.0.29519.87
MinimumVisualStudioVersion = 10.0.40219.1
Project("{FAE04EC0-301F-11D3-BF4B-00C04F79EFBC}") = "DoomEngine", "DoomEngine\DoomEngine.csproj", "{0ADDF6FA-4AF5-4A8B-BA6F-260A6F70FDD9}"
EndProject
Project("{FAE04EC0-301F-11D3-BF4B-00C04F79EFBC}") = "CSharpSynth", "CSharpSynth\CSharpSynth.csproj", "{A0CA02F7-62FB-4406-99AD-597BD79987A8}"
EndProject
Global
	GlobalSection(SolutionConfigurationPlatforms) = preSolution
		Debug|Any CPU = Debug|Any CPU
		Release|Any CPU = Release|Any CPU
	EndGlobalSection
	GlobalSection(ProjectConfigurationPlatforms) = postSolution
		{0ADDF6FA-4AF5-4A8B-BA6F-260A6F70FDD9}.Debug|Any CPU.ActiveCfg = Debug|Any CPU
		{0ADDF6FA-4AF5-4A8B-BA6F-260A6F70FDD9}.Debug|Any CPU.Build.0 = Debug|Any CPU
		{0ADDF6FA-4AF5-4A8B-BA6F-260A6F70FDD9}.Release|Any CPU.ActiveCfg = Release|Any CPU
		{0ADDF6FA-4AF5-4A8B-BA6F-260A6F70FDD9}.Release|Any CPU.Build.0 = Release|Any CPU
		{A0CA02F7-62FB-4406-99AD-597BD79987A8}.Debug|Any CPU.ActiveCfg = Debug|Any CPU
		{A0CA02F7-62FB-4406-99AD-597BD79987A8}.Debug|Any CPU.Build.0 = Debug|Any CPU
		{A0CA02F7-62FB-4406-99AD-597BD79987A8}.Release|Any CPU.ActiveCfg = Release|Any CPU
		{A0CA02F7-62FB-4406-99AD-597BD79987A8}.Release|Any CPU.Build.0 = Release|Any CPU
	EndGlobalSection
	GlobalSection(SolutionProperties) = preSolution
		HideSolutionNode = FALSE
	EndGlobalSection
	GlobalSection(ExtensibilityGlobals) = postSolution
		SolutionGuid = {2EA5D015-FB83-4E41-A368-1D8DC542CA03}
	EndGlobalSection
EndGlobal
